
Microsoft Visual Studio Solution File, Format Version 12.00
Project("{FAE04EC0-301F-11D3-BF4B-00C04F79EFBC}") = "Launcher", "Launcher\Launcher.csproj", "{E9F56693-3CB5-4069-BEFC-CEBC3D25897B}"
EndProject
Project("{FAE04EC0-301F-11D3-BF4B-00C04F79EFBC}") = "Game", "Game\Game.csproj", "{1BDC23AC-AE4C-4C7E-9B92-9C82EBD1C7C4}"
EndProject
Project("{FAE04EC0-301F-11D3-BF4B-00C04F79EFBC}") = "Engine", "Engine\Engine.csproj", "{B1743926-BD0A-49BD-9518-7F04DAB1D26F}"
EndProject
Project("{FAE04EC0-301F-11D3-BF4B-00C04F79EFBC}") = "Editor", "Editor\Editor.csproj", "{080E5264-3305-4BDB-8F5D-A7618D33AE8C}"
EndProject
Global
	GlobalSection(SolutionConfigurationPlatforms) = preSolution
		Debug|Any CPU = Debug|Any CPU
		Release|Any CPU = Release|Any CPU
	EndGlobalSection
	GlobalSection(ProjectConfigurationPlatforms) = postSolution
		{E9F56693-3CB5-4069-BEFC-CEBC3D25897B}.Debug|Any CPU.ActiveCfg = Debug|Any CPU
		{E9F56693-3CB5-4069-BEFC-CEBC3D25897B}.Debug|Any CPU.Build.0 = Debug|Any CPU
		{E9F56693-3CB5-4069-BEFC-CEBC3D25897B}.Release|Any CPU.ActiveCfg = Release|Any CPU
		{E9F56693-3CB5-4069-BEFC-CEBC3D25897B}.Release|Any CPU.Build.0 = Release|Any CPU
		{1BDC23AC-AE4C-4C7E-9B92-9C82EBD1C7C4}.Debug|Any CPU.ActiveCfg = Debug|Any CPU
		{1BDC23AC-AE4C-4C7E-9B92-9C82EBD1C7C4}.Debug|Any CPU.Build.0 = Debug|Any CPU
		{1BDC23AC-AE4C-4C7E-9B92-9C82EBD1C7C4}.Release|Any CPU.ActiveCfg = Release|Any CPU
		{1BDC23AC-AE4C-4C7E-9B92-9C82EBD1C7C4}.Release|Any CPU.Build.0 = Release|Any CPU
		{B1743926-BD0A-49BD-9518-7F04DAB1D26F}.Debug|Any CPU.ActiveCfg = Debug|Any CPU
		{B1743926-BD0A-49BD-9518-7F04DAB1D26F}.Debug|Any CPU.Build.0 = Debug|Any CPU
		{B1743926-BD0A-49BD-9518-7F04DAB1D26F}.Release|Any CPU.ActiveCfg = Release|Any CPU
		{B1743926-BD0A-49BD-9518-7F04DAB1D26F}.Release|Any CPU.Build.0 = Release|Any CPU
		{080E5264-3305-4BDB-8F5D-A7618D33AE8C}.Debug|Any CPU.ActiveCfg = Debug|Any CPU
		{080E5264-3305-4BDB-8F5D-A7618D33AE8C}.Debug|Any CPU.Build.0 = Debug|Any CPU
		{080E5264-3305-4BDB-8F5D-A7618D33AE8C}.Release|Any CPU.ActiveCfg = Release|Any CPU
		{080E5264-3305-4BDB-8F5D-A7618D33AE8C}.Release|Any CPU.Build.0 = Release|Any CPU
	EndGlobalSection
EndGlobal
