
Microsoft Visual Studio Solution File, Format Version 12.00
Project("{FAE04EC0-301F-11D3-BF4B-00C04F79EFBC}") = "Engine", "Engine\Engine.csproj", "{78DAE8FC-17DA-44C0-BC54-E1E3D6491271}"
EndProject
Project("{FAE04EC0-301F-11D3-BF4B-00C04F79EFBC}") = "Editor", "Editor\Editor.csproj", "{61A1FE13-F7BA-4035-8681-6520CA59DC21}"
EndProject
Project("{FAE04EC0-301F-11D3-BF4B-00C04F79EFBC}") = "Launcher", "Launcher\Launcher.csproj", "{B6AEFE7C-EECC-4E2F-AE1D-91ED2D56CC1B}"
EndProject
Project("{FAE04EC0-301F-11D3-BF4B-00C04F79EFBC}") = "Crasher", "Crasher\Crasher.csproj", "{D4E83294-F6C4-4705-B350-F08ABF0844C7}"
EndProject
Global
	GlobalSection(SolutionConfigurationPlatforms) = preSolution
		Debug|Any CPU = Debug|Any CPU
		Release|Any CPU = Release|Any CPU
	EndGlobalSection
	GlobalSection(ProjectConfigurationPlatforms) = postSolution
		{78DAE8FC-17DA-44C0-BC54-E1E3D6491271}.Debug|Any CPU.ActiveCfg = Debug|Any CPU
		{78DAE8FC-17DA-44C0-BC54-E1E3D6491271}.Debug|Any CPU.Build.0 = Debug|Any CPU
		{78DAE8FC-17DA-44C0-BC54-E1E3D6491271}.Release|Any CPU.ActiveCfg = Release|Any CPU
		{78DAE8FC-17DA-44C0-BC54-E1E3D6491271}.Release|Any CPU.Build.0 = Release|Any CPU
		{61A1FE13-F7BA-4035-8681-6520CA59DC21}.Debug|Any CPU.ActiveCfg = Debug|Any CPU
		{61A1FE13-F7BA-4035-8681-6520CA59DC21}.Debug|Any CPU.Build.0 = Debug|Any CPU
		{61A1FE13-F7BA-4035-8681-6520CA59DC21}.Release|Any CPU.ActiveCfg = Release|Any CPU
		{61A1FE13-F7BA-4035-8681-6520CA59DC21}.Release|Any CPU.Build.0 = Release|Any CPU
		{B6AEFE7C-EECC-4E2F-AE1D-91ED2D56CC1B}.Debug|Any CPU.ActiveCfg = Debug|Any CPU
		{B6AEFE7C-EECC-4E2F-AE1D-91ED2D56CC1B}.Debug|Any CPU.Build.0 = Debug|Any CPU
		{B6AEFE7C-EECC-4E2F-AE1D-91ED2D56CC1B}.Release|Any CPU.ActiveCfg = Release|Any CPU
		{B6AEFE7C-EECC-4E2F-AE1D-91ED2D56CC1B}.Release|Any CPU.Build.0 = Release|Any CPU
		{D4E83294-F6C4-4705-B350-F08ABF0844C7}.Debug|Any CPU.ActiveCfg = Debug|Any CPU
		{D4E83294-F6C4-4705-B350-F08ABF0844C7}.Debug|Any CPU.Build.0 = Debug|Any CPU
		{D4E83294-F6C4-4705-B350-F08ABF0844C7}.Release|Any CPU.ActiveCfg = Release|Any CPU
		{D4E83294-F6C4-4705-B350-F08ABF0844C7}.Release|Any CPU.Build.0 = Release|Any CPU
	EndGlobalSection
EndGlobal
